// !$*UTF8*$!
{
	archiveVersion = 1;
	classes = {
	};
	objectVersion = 46;
	objects = {

/* Begin PBXBuildFile section */
		25713D4E1AC605FC00FC5D38 /* LaunchScreen.xib in Resources */ = {isa = PBXBuildFile; fileRef = 25713D3B1AC605FC00FC5D38 /* LaunchScreen.xib */; };
		25713D4F1AC605FC00FC5D38 /* Main.storyboard in Resources */ = {isa = PBXBuildFile; fileRef = 25713D3D1AC605FC00FC5D38 /* Main.storyboard */; };
		25713D501AC605FC00FC5D38 /* Images.xcassets in Resources */ = {isa = PBXBuildFile; fileRef = 25713D3F1AC605FC00FC5D38 /* Images.xcassets */; };
		25713D521AC605FC00FC5D38 /* LayerParseAppIcon@2x.png in Resources */ = {isa = PBXBuildFile; fileRef = 25713D411AC605FC00FC5D38 /* LayerParseAppIcon@2x.png */; };
		25713D531AC605FC00FC5D38 /* LayerParseLogin@2x.png in Resources */ = {isa = PBXBuildFile; fileRef = 25713D421AC605FC00FC5D38 /* LayerParseLogin@2x.png */; };
		25713D541AC605FC00FC5D38 /* LayerParseSplash@2x.png in Resources */ = {isa = PBXBuildFile; fileRef = 25713D431AC605FC00FC5D38 /* LayerParseSplash@2x.png */; };
		25713D551AC605FC00FC5D38 /* parse_logo.png in Resources */ = {isa = PBXBuildFile; fileRef = 25713D441AC605FC00FC5D38 /* parse_logo.png */; };
		25713D561AC605FC00FC5D38 /* Users.json in Resources */ = {isa = PBXBuildFile; fileRef = 25713D451AC605FC00FC5D38 /* Users.json */; };
		25713D6A1AC6071600FC5D38 /* AppDelegate.m in Sources */ = {isa = PBXBuildFile; fileRef = 25713D591AC6071600FC5D38 /* AppDelegate.m */; };
		25713D6B1AC6071600FC5D38 /* PFUser+ATLParticipant.m in Sources */ = {isa = PBXBuildFile; fileRef = 25713D5C1AC6071600FC5D38 /* PFUser+ATLParticipant.m */; };
		25713D6C1AC6071600FC5D38 /* ConversationListViewController.m in Sources */ = {isa = PBXBuildFile; fileRef = 25713D5F1AC6071600FC5D38 /* ConversationListViewController.m */; };
		25713D6D1AC6071600FC5D38 /* ConversationViewController.m in Sources */ = {isa = PBXBuildFile; fileRef = 25713D611AC6071600FC5D38 /* ConversationViewController.m */; };
		25713D6E1AC6071600FC5D38 /* ParticipantTableViewController.m in Sources */ = {isa = PBXBuildFile; fileRef = 25713D631AC6071600FC5D38 /* ParticipantTableViewController.m */; };
		25713D6F1AC6071600FC5D38 /* ViewController.m in Sources */ = {isa = PBXBuildFile; fileRef = 25713D651AC6071600FC5D38 /* ViewController.m */; };
		25713D701AC6071600FC5D38 /* main.m in Sources */ = {isa = PBXBuildFile; fileRef = 25713D661AC6071600FC5D38 /* main.m */; };
		25713D711AC6071600FC5D38 /* UserManager.m in Sources */ = {isa = PBXBuildFile; fileRef = 25713D691AC6071600FC5D38 /* UserManager.m */; };
		5682D6E21B31633D0075248E /* Fabric.framework in Frameworks */ = {isa = PBXBuildFile; fileRef = 5682D6E01B31633D0075248E /* Fabric.framework */; };
		5682D6E31B31633D0075248E /* Crashlytics.framework in Frameworks */ = {isa = PBXBuildFile; fileRef = 5682D6E11B31633D0075248E /* Crashlytics.framework */; };
		569172411B2A892E000DF4DC /* HOTConversationViewController.m in Sources */ = {isa = PBXBuildFile; fileRef = 569172401B2A892E000DF4DC /* HOTConversationViewController.m */; };
		569172431B2A8A9D000DF4DC /* HOTConversationViewController.xib in Resources */ = {isa = PBXBuildFile; fileRef = 569172421B2A8A9D000DF4DC /* HOTConversationViewController.xib */; };
		569172451B2AB906000DF4DC /* AVFoundation.framework in Frameworks */ = {isa = PBXBuildFile; fileRef = 569172441B2AB906000DF4DC /* AVFoundation.framework */; };
		569172481B2AD498000DF4DC /* HOTConversationManager.m in Sources */ = {isa = PBXBuildFile; fileRef = 569172471B2AD498000DF4DC /* HOTConversationManager.m */; };
		5691724B1B2AD982000DF4DC /* LYRMessage+HOTAdditions.m in Sources */ = {isa = PBXBuildFile; fileRef = 5691724A1B2AD982000DF4DC /* LYRMessage+HOTAdditions.m */; };
		5691724E1B2ADAF0000DF4DC /* LYRMessagePart+HOTAdditions.m in Sources */ = {isa = PBXBuildFile; fileRef = 5691724D1B2ADAF0000DF4DC /* LYRMessagePart+HOTAdditions.m */; };
		5AD49C051AC399DD00B1B0C8 /* LayerParseSampleAppTests.m in Sources */ = {isa = PBXBuildFile; fileRef = 5AD49C041AC399DD00B1B0C8 /* LayerParseSampleAppTests.m */; };
		61C3844CE21C3A5AB46D1477 /* libPods-Hotline.a in Frameworks */ = {isa = PBXBuildFile; fileRef = C86BF0EA9B0211AFCA3640E1 /* libPods-Hotline.a */; };
		950089D51B37B0EA002EDC66 /* HOTConversationStarterViewController.m in Sources */ = {isa = PBXBuildFile; fileRef = 950089D41B37B0EA002EDC66 /* HOTConversationStarterViewController.m */; };
		950089DB1B39BB56002EDC66 /* HOTShooterViewController.m in Sources */ = {isa = PBXBuildFile; fileRef = 950089D71B39B598002EDC66 /* HOTShooterViewController.m */; };
		9503C3BE1B2AA7F20083DC10 /* LYRClient+HOTAdditions.m in Sources */ = {isa = PBXBuildFile; fileRef = 9503C3BD1B2AA7F20083DC10 /* LYRClient+HOTAdditions.m */; };
		959081421B3171A600A02E4F /* CALayer+XibConfiguration.m in Sources */ = {isa = PBXBuildFile; fileRef = 959081411B3171A600A02E4F /* CALayer+XibConfiguration.m */; };
/* End PBXBuildFile section */

/* Begin PBXContainerItemProxy section */
		5AD49BFF1AC399DD00B1B0C8 /* PBXContainerItemProxy */ = {
			isa = PBXContainerItemProxy;
			containerPortal = 5AD49BDD1AC399DD00B1B0C8 /* Project object */;
			proxyType = 1;
			remoteGlobalIDString = 5AD49BE41AC399DD00B1B0C8;
			remoteInfo = LayerParseSampleApp;
		};
/* End PBXContainerItemProxy section */

/* Begin PBXFileReference section */
		25713D3C1AC605FC00FC5D38 /* Base */ = {isa = PBXFileReference; lastKnownFileType = file.xib; name = Base; path = Base.lproj/LaunchScreen.xib; sourceTree = "<group>"; };
		25713D3E1AC605FC00FC5D38 /* Base */ = {isa = PBXFileReference; lastKnownFileType = file.storyboard; name = Base; path = Base.lproj/Main.storyboard; sourceTree = "<group>"; };
		25713D3F1AC605FC00FC5D38 /* Images.xcassets */ = {isa = PBXFileReference; lastKnownFileType = folder.assetcatalog; path = Images.xcassets; sourceTree = "<group>"; };
		25713D401AC605FC00FC5D38 /* Info.plist */ = {isa = PBXFileReference; fileEncoding = 4; lastKnownFileType = text.plist.xml; path = Info.plist; sourceTree = "<group>"; };
		25713D411AC605FC00FC5D38 /* LayerParseAppIcon@2x.png */ = {isa = PBXFileReference; lastKnownFileType = image.png; path = "LayerParseAppIcon@2x.png"; sourceTree = "<group>"; };
		25713D421AC605FC00FC5D38 /* LayerParseLogin@2x.png */ = {isa = PBXFileReference; lastKnownFileType = image.png; path = "LayerParseLogin@2x.png"; sourceTree = "<group>"; };
		25713D431AC605FC00FC5D38 /* LayerParseSplash@2x.png */ = {isa = PBXFileReference; lastKnownFileType = image.png; path = "LayerParseSplash@2x.png"; sourceTree = "<group>"; };
		25713D441AC605FC00FC5D38 /* parse_logo.png */ = {isa = PBXFileReference; lastKnownFileType = image.png; path = parse_logo.png; sourceTree = "<group>"; };
		25713D451AC605FC00FC5D38 /* Users.json */ = {isa = PBXFileReference; fileEncoding = 4; lastKnownFileType = text.json; path = Users.json; sourceTree = "<group>"; };
		25713D581AC6071600FC5D38 /* AppDelegate.h */ = {isa = PBXFileReference; fileEncoding = 4; lastKnownFileType = sourcecode.c.h; path = AppDelegate.h; sourceTree = "<group>"; };
		25713D591AC6071600FC5D38 /* AppDelegate.m */ = {isa = PBXFileReference; fileEncoding = 4; lastKnownFileType = sourcecode.c.objc; path = AppDelegate.m; sourceTree = "<group>"; };
		25713D5B1AC6071600FC5D38 /* PFUser+ATLParticipant.h */ = {isa = PBXFileReference; fileEncoding = 4; lastKnownFileType = sourcecode.c.h; path = "PFUser+ATLParticipant.h"; sourceTree = "<group>"; };
		25713D5C1AC6071600FC5D38 /* PFUser+ATLParticipant.m */ = {isa = PBXFileReference; fileEncoding = 4; lastKnownFileType = sourcecode.c.objc; path = "PFUser+ATLParticipant.m"; sourceTree = "<group>"; };
		25713D5E1AC6071600FC5D38 /* ConversationListViewController.h */ = {isa = PBXFileReference; fileEncoding = 4; lastKnownFileType = sourcecode.c.h; path = ConversationListViewController.h; sourceTree = "<group>"; };
		25713D5F1AC6071600FC5D38 /* ConversationListViewController.m */ = {isa = PBXFileReference; fileEncoding = 4; lastKnownFileType = sourcecode.c.objc; path = ConversationListViewController.m; sourceTree = "<group>"; };
		25713D601AC6071600FC5D38 /* ConversationViewController.h */ = {isa = PBXFileReference; fileEncoding = 4; lastKnownFileType = sourcecode.c.h; path = ConversationViewController.h; sourceTree = "<group>"; };
		25713D611AC6071600FC5D38 /* ConversationViewController.m */ = {isa = PBXFileReference; fileEncoding = 4; lastKnownFileType = sourcecode.c.objc; path = ConversationViewController.m; sourceTree = "<group>"; };
		25713D621AC6071600FC5D38 /* ParticipantTableViewController.h */ = {isa = PBXFileReference; fileEncoding = 4; lastKnownFileType = sourcecode.c.h; path = ParticipantTableViewController.h; sourceTree = "<group>"; };
		25713D631AC6071600FC5D38 /* ParticipantTableViewController.m */ = {isa = PBXFileReference; fileEncoding = 4; lastKnownFileType = sourcecode.c.objc; path = ParticipantTableViewController.m; sourceTree = "<group>"; };
		25713D641AC6071600FC5D38 /* ViewController.h */ = {isa = PBXFileReference; fileEncoding = 4; lastKnownFileType = sourcecode.c.h; path = ViewController.h; sourceTree = "<group>"; };
		25713D651AC6071600FC5D38 /* ViewController.m */ = {isa = PBXFileReference; fileEncoding = 4; lastKnownFileType = sourcecode.c.objc; path = ViewController.m; sourceTree = "<group>"; };
		25713D661AC6071600FC5D38 /* main.m */ = {isa = PBXFileReference; fileEncoding = 4; lastKnownFileType = sourcecode.c.objc; path = main.m; sourceTree = "<group>"; };
		25713D681AC6071600FC5D38 /* UserManager.h */ = {isa = PBXFileReference; fileEncoding = 4; lastKnownFileType = sourcecode.c.h; path = UserManager.h; sourceTree = "<group>"; };
		25713D691AC6071600FC5D38 /* UserManager.m */ = {isa = PBXFileReference; fileEncoding = 4; lastKnownFileType = sourcecode.c.objc; path = UserManager.m; sourceTree = "<group>"; };
		4499B2833234A6B927451A87 /* Pods-Layer-Parse-iOS-Example.release.xcconfig */ = {isa = PBXFileReference; includeInIndex = 1; lastKnownFileType = text.xcconfig; name = "Pods-Layer-Parse-iOS-Example.release.xcconfig"; path = "Pods/Target Support Files/Pods-Layer-Parse-iOS-Example/Pods-Layer-Parse-iOS-Example.release.xcconfig"; sourceTree = "<group>"; };
		5682D6E01B31633D0075248E /* Fabric.framework */ = {isa = PBXFileReference; lastKnownFileType = wrapper.framework; path = Fabric.framework; sourceTree = SOURCE_ROOT; };
		5682D6E11B31633D0075248E /* Crashlytics.framework */ = {isa = PBXFileReference; lastKnownFileType = wrapper.framework; path = Crashlytics.framework; sourceTree = SOURCE_ROOT; };
		5691723F1B2A892E000DF4DC /* HOTConversationViewController.h */ = {isa = PBXFileReference; fileEncoding = 4; lastKnownFileType = sourcecode.c.h; path = HOTConversationViewController.h; sourceTree = "<group>"; };
		569172401B2A892E000DF4DC /* HOTConversationViewController.m */ = {isa = PBXFileReference; fileEncoding = 4; lastKnownFileType = sourcecode.c.objc; path = HOTConversationViewController.m; sourceTree = "<group>"; };
		569172421B2A8A9D000DF4DC /* HOTConversationViewController.xib */ = {isa = PBXFileReference; fileEncoding = 4; lastKnownFileType = file.xib; path = HOTConversationViewController.xib; sourceTree = "<group>"; };
		569172441B2AB906000DF4DC /* AVFoundation.framework */ = {isa = PBXFileReference; lastKnownFileType = wrapper.framework; name = AVFoundation.framework; path = System/Library/Frameworks/AVFoundation.framework; sourceTree = SDKROOT; };
		569172461B2AD498000DF4DC /* HOTConversationManager.h */ = {isa = PBXFileReference; fileEncoding = 4; lastKnownFileType = sourcecode.c.h; path = HOTConversationManager.h; sourceTree = "<group>"; };
		569172471B2AD498000DF4DC /* HOTConversationManager.m */ = {isa = PBXFileReference; fileEncoding = 4; lastKnownFileType = sourcecode.c.objc; path = HOTConversationManager.m; sourceTree = "<group>"; };
		569172491B2AD982000DF4DC /* LYRMessage+HOTAdditions.h */ = {isa = PBXFileReference; fileEncoding = 4; lastKnownFileType = sourcecode.c.h; name = "LYRMessage+HOTAdditions.h"; path = "../Controllers/LYRMessage+HOTAdditions.h"; sourceTree = "<group>"; };
		5691724A1B2AD982000DF4DC /* LYRMessage+HOTAdditions.m */ = {isa = PBXFileReference; fileEncoding = 4; lastKnownFileType = sourcecode.c.objc; name = "LYRMessage+HOTAdditions.m"; path = "../Controllers/LYRMessage+HOTAdditions.m"; sourceTree = "<group>"; };
		5691724C1B2ADAF0000DF4DC /* LYRMessagePart+HOTAdditions.h */ = {isa = PBXFileReference; fileEncoding = 4; lastKnownFileType = sourcecode.c.h; path = "LYRMessagePart+HOTAdditions.h"; sourceTree = "<group>"; };
		5691724D1B2ADAF0000DF4DC /* LYRMessagePart+HOTAdditions.m */ = {isa = PBXFileReference; fileEncoding = 4; lastKnownFileType = sourcecode.c.objc; path = "LYRMessagePart+HOTAdditions.m"; sourceTree = "<group>"; };
		5AD49BE51AC399DD00B1B0C8 /* Hotline.app */ = {isa = PBXFileReference; explicitFileType = wrapper.application; includeInIndex = 0; path = Hotline.app; sourceTree = BUILT_PRODUCTS_DIR; };
		5AD49BFE1AC399DD00B1B0C8 /* HotlineTests.xctest */ = {isa = PBXFileReference; explicitFileType = wrapper.cfbundle; includeInIndex = 0; path = HotlineTests.xctest; sourceTree = BUILT_PRODUCTS_DIR; };
		5AD49C031AC399DD00B1B0C8 /* Info.plist */ = {isa = PBXFileReference; lastKnownFileType = text.plist.xml; path = Info.plist; sourceTree = "<group>"; };
		5AD49C041AC399DD00B1B0C8 /* LayerParseSampleAppTests.m */ = {isa = PBXFileReference; lastKnownFileType = sourcecode.c.objc; path = LayerParseSampleAppTests.m; sourceTree = "<group>"; };
		5D2577FDB282E79E4AA3E979 /* Pods-Layer-Parse-iOS-Example.debug.xcconfig */ = {isa = PBXFileReference; includeInIndex = 1; lastKnownFileType = text.xcconfig; name = "Pods-Layer-Parse-iOS-Example.debug.xcconfig"; path = "Pods/Target Support Files/Pods-Layer-Parse-iOS-Example/Pods-Layer-Parse-iOS-Example.debug.xcconfig"; sourceTree = "<group>"; };
		7C9C7A409749305E466D6414 /* Pods-Hotline.release.xcconfig */ = {isa = PBXFileReference; includeInIndex = 1; lastKnownFileType = text.xcconfig; name = "Pods-Hotline.release.xcconfig"; path = "Pods/Target Support Files/Pods-Hotline/Pods-Hotline.release.xcconfig"; sourceTree = "<group>"; };
		950089D31B37B0EA002EDC66 /* HOTConversationStarterViewController.h */ = {isa = PBXFileReference; fileEncoding = 4; lastKnownFileType = sourcecode.c.h; path = HOTConversationStarterViewController.h; sourceTree = "<group>"; };
		950089D41B37B0EA002EDC66 /* HOTConversationStarterViewController.m */ = {isa = PBXFileReference; fileEncoding = 4; lastKnownFileType = sourcecode.c.objc; path = HOTConversationStarterViewController.m; sourceTree = "<group>"; };
		950089D61B39B598002EDC66 /* HOTShooterViewController.h */ = {isa = PBXFileReference; lastKnownFileType = sourcecode.c.h; path = HOTShooterViewController.h; sourceTree = "<group>"; };
		950089D71B39B598002EDC66 /* HOTShooterViewController.m */ = {isa = PBXFileReference; lastKnownFileType = sourcecode.c.objc; path = HOTShooterViewController.m; sourceTree = "<group>"; };
		950089D81B39B598002EDC66 /* HOTShooterViewController.xib */ = {isa = PBXFileReference; lastKnownFileType = file.xib; path = HOTShooterViewController.xib; sourceTree = "<group>"; };
		9503C3BB1B2A7CA90083DC10 /* Keys.h */ = {isa = PBXFileReference; fileEncoding = 4; lastKnownFileType = sourcecode.c.h; path = Keys.h; sourceTree = "<group>"; };
		9503C3BC1B2AA7F20083DC10 /* LYRClient+HOTAdditions.h */ = {isa = PBXFileReference; fileEncoding = 4; lastKnownFileType = sourcecode.c.h; path = "LYRClient+HOTAdditions.h"; sourceTree = "<group>"; };
		9503C3BD1B2AA7F20083DC10 /* LYRClient+HOTAdditions.m */ = {isa = PBXFileReference; fileEncoding = 4; lastKnownFileType = sourcecode.c.objc; path = "LYRClient+HOTAdditions.m"; sourceTree = "<group>"; };
		959081401B3171A600A02E4F /* CALayer+XibConfiguration.h */ = {isa = PBXFileReference; fileEncoding = 4; lastKnownFileType = sourcecode.c.h; path = "CALayer+XibConfiguration.h"; sourceTree = "<group>"; };
		959081411B3171A600A02E4F /* CALayer+XibConfiguration.m */ = {isa = PBXFileReference; fileEncoding = 4; lastKnownFileType = sourcecode.c.objc; path = "CALayer+XibConfiguration.m"; sourceTree = "<group>"; };
		9649DDBCE515125228FDE8C3 /* Pods-Hotline.debug.xcconfig */ = {isa = PBXFileReference; includeInIndex = 1; lastKnownFileType = text.xcconfig; name = "Pods-Hotline.debug.xcconfig"; path = "Pods/Target Support Files/Pods-Hotline/Pods-Hotline.debug.xcconfig"; sourceTree = "<group>"; };
		B229D8D6557B45378ED2CD58 /* Pods-LayerParseSampleApp.debug.xcconfig */ = {isa = PBXFileReference; includeInIndex = 1; lastKnownFileType = text.xcconfig; name = "Pods-LayerParseSampleApp.debug.xcconfig"; path = "Pods/Target Support Files/Pods-LayerParseSampleApp/Pods-LayerParseSampleApp.debug.xcconfig"; sourceTree = "<group>"; };
		B6B8E20DF9188E775F70E276 /* Pods-LayerParseSampleApp.release.xcconfig */ = {isa = PBXFileReference; includeInIndex = 1; lastKnownFileType = text.xcconfig; name = "Pods-LayerParseSampleApp.release.xcconfig"; path = "Pods/Target Support Files/Pods-LayerParseSampleApp/Pods-LayerParseSampleApp.release.xcconfig"; sourceTree = "<group>"; };
		B793C9659C2DE4610425743F /* Pods-Hotline.ad hoc.xcconfig */ = {isa = PBXFileReference; includeInIndex = 1; lastKnownFileType = text.xcconfig; name = "Pods-Hotline.ad hoc.xcconfig"; path = "Pods/Target Support Files/Pods-Hotline/Pods-Hotline.ad hoc.xcconfig"; sourceTree = "<group>"; };
		C86BF0EA9B0211AFCA3640E1 /* libPods-Hotline.a */ = {isa = PBXFileReference; explicitFileType = archive.ar; includeInIndex = 0; path = "libPods-Hotline.a"; sourceTree = BUILT_PRODUCTS_DIR; };
/* End PBXFileReference section */

/* Begin PBXFrameworksBuildPhase section */
		5AD49BE21AC399DD00B1B0C8 /* Frameworks */ = {
			isa = PBXFrameworksBuildPhase;
			buildActionMask = 2147483647;
			files = (
				569172451B2AB906000DF4DC /* AVFoundation.framework in Frameworks */,
				5682D6E31B31633D0075248E /* Crashlytics.framework in Frameworks */,
				5682D6E21B31633D0075248E /* Fabric.framework in Frameworks */,
				61C3844CE21C3A5AB46D1477 /* libPods-Hotline.a in Frameworks */,
			);
			runOnlyForDeploymentPostprocessing = 0;
		};
		5AD49BFB1AC399DD00B1B0C8 /* Frameworks */ = {
			isa = PBXFrameworksBuildPhase;
			buildActionMask = 2147483647;
			files = (
			);
			runOnlyForDeploymentPostprocessing = 0;
		};
/* End PBXFrameworksBuildPhase section */

/* Begin PBXGroup section */
		18E51EBCB0F1A5E9BFBD3CE4 /* Frameworks */ = {
			isa = PBXGroup;
			children = (
				5682D6E01B31633D0075248E /* Fabric.framework */,
				5682D6E11B31633D0075248E /* Crashlytics.framework */,
				569172441B2AB906000DF4DC /* AVFoundation.framework */,
				C86BF0EA9B0211AFCA3640E1 /* libPods-Hotline.a */,
			);
			name = Frameworks;
			sourceTree = "<group>";
		};
		25713D3A1AC605FC00FC5D38 /* Resources */ = {
			isa = PBXGroup;
			children = (
				25713D3B1AC605FC00FC5D38 /* LaunchScreen.xib */,
				25713D3D1AC605FC00FC5D38 /* Main.storyboard */,
				25713D3F1AC605FC00FC5D38 /* Images.xcassets */,
				25713D401AC605FC00FC5D38 /* Info.plist */,
				25713D411AC605FC00FC5D38 /* LayerParseAppIcon@2x.png */,
				25713D421AC605FC00FC5D38 /* LayerParseLogin@2x.png */,
				25713D431AC605FC00FC5D38 /* LayerParseSplash@2x.png */,
				25713D441AC605FC00FC5D38 /* parse_logo.png */,
				25713D451AC605FC00FC5D38 /* Users.json */,
			);
			path = Resources;
			sourceTree = "<group>";
		};
		25713D571AC6071600FC5D38 /* Code */ = {
			isa = PBXGroup;
			children = (
				25713D581AC6071600FC5D38 /* AppDelegate.h */,
				25713D591AC6071600FC5D38 /* AppDelegate.m */,
				9503C3BB1B2A7CA90083DC10 /* Keys.h */,
				25713D661AC6071600FC5D38 /* main.m */,
				25713D5A1AC6071600FC5D38 /* Categories */,
				25713D5D1AC6071600FC5D38 /* Controllers */,
				25713D671AC6071600FC5D38 /* Models */,
			);
			path = Code;
			sourceTree = "<group>";
		};
		25713D5A1AC6071600FC5D38 /* Categories */ = {
			isa = PBXGroup;
			children = (
				5691724C1B2ADAF0000DF4DC /* LYRMessagePart+HOTAdditions.h */,
				5691724D1B2ADAF0000DF4DC /* LYRMessagePart+HOTAdditions.m */,
				25713D5B1AC6071600FC5D38 /* PFUser+ATLParticipant.h */,
				25713D5C1AC6071600FC5D38 /* PFUser+ATLParticipant.m */,
				9503C3BC1B2AA7F20083DC10 /* LYRClient+HOTAdditions.h */,
				9503C3BD1B2AA7F20083DC10 /* LYRClient+HOTAdditions.m */,
				569172491B2AD982000DF4DC /* LYRMessage+HOTAdditions.h */,
				5691724A1B2AD982000DF4DC /* LYRMessage+HOTAdditions.m */,
				959081401B3171A600A02E4F /* CALayer+XibConfiguration.h */,
				959081411B3171A600A02E4F /* CALayer+XibConfiguration.m */,
			);
			path = Categories;
			sourceTree = "<group>";
		};
		25713D5D1AC6071600FC5D38 /* Controllers */ = {
			isa = PBXGroup;
			children = (
				950089D61B39B598002EDC66 /* HOTShooterViewController.h */,
				950089D71B39B598002EDC66 /* HOTShooterViewController.m */,
				950089D81B39B598002EDC66 /* HOTShooterViewController.xib */,
				950089D31B37B0EA002EDC66 /* HOTConversationStarterViewController.h */,
				950089D41B37B0EA002EDC66 /* HOTConversationStarterViewController.m */,
				5691723F1B2A892E000DF4DC /* HOTConversationViewController.h */,
				569172401B2A892E000DF4DC /* HOTConversationViewController.m */,
				569172421B2A8A9D000DF4DC /* HOTConversationViewController.xib */,
				25713D5E1AC6071600FC5D38 /* ConversationListViewController.h */,
				25713D5F1AC6071600FC5D38 /* ConversationListViewController.m */,
				25713D601AC6071600FC5D38 /* ConversationViewController.h */,
				25713D611AC6071600FC5D38 /* ConversationViewController.m */,
				25713D621AC6071600FC5D38 /* ParticipantTableViewController.h */,
				25713D631AC6071600FC5D38 /* ParticipantTableViewController.m */,
				25713D641AC6071600FC5D38 /* ViewController.h */,
				25713D651AC6071600FC5D38 /* ViewController.m */,
			);
			path = Controllers;
			sourceTree = "<group>";
		};
		25713D671AC6071600FC5D38 /* Models */ = {
			isa = PBXGroup;
			children = (
				569172461B2AD498000DF4DC /* HOTConversationManager.h */,
				569172471B2AD498000DF4DC /* HOTConversationManager.m */,
				25713D681AC6071600FC5D38 /* UserManager.h */,
				25713D691AC6071600FC5D38 /* UserManager.m */,
			);
			path = Models;
			sourceTree = "<group>";
		};
		5AD49BDC1AC399DD00B1B0C8 = {
			isa = PBXGroup;
			children = (
				25713D571AC6071600FC5D38 /* Code */,
				25713D3A1AC605FC00FC5D38 /* Resources */,
				5AD49C011AC399DD00B1B0C8 /* Tests */,
				5AD49BE61AC399DD00B1B0C8 /* Products */,
				69BF3150B455BF87E9EE6326 /* Pods */,
				18E51EBCB0F1A5E9BFBD3CE4 /* Frameworks */,
			);
			sourceTree = "<group>";
		};
		5AD49BE61AC399DD00B1B0C8 /* Products */ = {
			isa = PBXGroup;
			children = (
				5AD49BE51AC399DD00B1B0C8 /* Hotline.app */,
				5AD49BFE1AC399DD00B1B0C8 /* HotlineTests.xctest */,
			);
			name = Products;
			sourceTree = "<group>";
		};
		5AD49C011AC399DD00B1B0C8 /* Tests */ = {
			isa = PBXGroup;
			children = (
				5AD49C041AC399DD00B1B0C8 /* LayerParseSampleAppTests.m */,
				5AD49C021AC399DD00B1B0C8 /* Supporting Files */,
			);
			path = Tests;
			sourceTree = "<group>";
		};
		5AD49C021AC399DD00B1B0C8 /* Supporting Files */ = {
			isa = PBXGroup;
			children = (
				5AD49C031AC399DD00B1B0C8 /* Info.plist */,
			);
			name = "Supporting Files";
			sourceTree = "<group>";
		};
		69BF3150B455BF87E9EE6326 /* Pods */ = {
			isa = PBXGroup;
			children = (
				B229D8D6557B45378ED2CD58 /* Pods-LayerParseSampleApp.debug.xcconfig */,
				B6B8E20DF9188E775F70E276 /* Pods-LayerParseSampleApp.release.xcconfig */,
				5D2577FDB282E79E4AA3E979 /* Pods-Layer-Parse-iOS-Example.debug.xcconfig */,
				4499B2833234A6B927451A87 /* Pods-Layer-Parse-iOS-Example.release.xcconfig */,
				9649DDBCE515125228FDE8C3 /* Pods-Hotline.debug.xcconfig */,
				7C9C7A409749305E466D6414 /* Pods-Hotline.release.xcconfig */,
				B793C9659C2DE4610425743F /* Pods-Hotline.ad hoc.xcconfig */,
			);
			name = Pods;
			sourceTree = "<group>";
		};
/* End PBXGroup section */

/* Begin PBXNativeTarget section */
		5AD49BE41AC399DD00B1B0C8 /* Hotline */ = {
			isa = PBXNativeTarget;
			buildConfigurationList = 5AD49C081AC399DD00B1B0C8 /* Build configuration list for PBXNativeTarget "Hotline" */;
			buildPhases = (
				870ECF4D92FFE474D362E91E /* Check Pods Manifest.lock */,
				5AD49BE11AC399DD00B1B0C8 /* Sources */,
				5AD49BE21AC399DD00B1B0C8 /* Frameworks */,
				5AD49BE31AC399DD00B1B0C8 /* Resources */,
				924B094F20040F8949E42D26 /* Copy Pods Resources */,
				5682D6DF1B3160E20075248E /* ShellScript */,
			);
			buildRules = (
			);
			dependencies = (
			);
			name = Hotline;
			productName = LayerParseSampleApp;
			productReference = 5AD49BE51AC399DD00B1B0C8 /* Hotline.app */;
			productType = "com.apple.product-type.application";
		};
		5AD49BFD1AC399DD00B1B0C8 /* HotlineTests */ = {
			isa = PBXNativeTarget;
			buildConfigurationList = 5AD49C0B1AC399DD00B1B0C8 /* Build configuration list for PBXNativeTarget "HotlineTests" */;
			buildPhases = (
				5AD49BFA1AC399DD00B1B0C8 /* Sources */,
				5AD49BFB1AC399DD00B1B0C8 /* Frameworks */,
				5AD49BFC1AC399DD00B1B0C8 /* Resources */,
			);
			buildRules = (
			);
			dependencies = (
				5AD49C001AC399DD00B1B0C8 /* PBXTargetDependency */,
			);
			name = HotlineTests;
			productName = LayerParseSampleAppTests;
			productReference = 5AD49BFE1AC399DD00B1B0C8 /* HotlineTests.xctest */;
			productType = "com.apple.product-type.bundle.unit-test";
		};
/* End PBXNativeTarget section */

/* Begin PBXProject section */
		5AD49BDD1AC399DD00B1B0C8 /* Project object */ = {
			isa = PBXProject;
			attributes = {
				LastUpgradeCheck = 0620;
				ORGANIZATIONNAME = Layer;
				TargetAttributes = {
					5AD49BE41AC399DD00B1B0C8 = {
						CreatedOnToolsVersion = 6.2;
						DevelopmentTeam = F6J8B455GU;
					};
					5AD49BFD1AC399DD00B1B0C8 = {
						CreatedOnToolsVersion = 6.2;
						DevelopmentTeam = F6J8B455GU;
						TestTargetID = 5AD49BE41AC399DD00B1B0C8;
					};
				};
			};
			buildConfigurationList = 5AD49BE01AC399DD00B1B0C8 /* Build configuration list for PBXProject "Hotline" */;
			compatibilityVersion = "Xcode 3.2";
			developmentRegion = English;
			hasScannedForEncodings = 0;
			knownRegions = (
				en,
				Base,
			);
			mainGroup = 5AD49BDC1AC399DD00B1B0C8;
			productRefGroup = 5AD49BE61AC399DD00B1B0C8 /* Products */;
			projectDirPath = "";
			projectRoot = "";
			targets = (
				5AD49BE41AC399DD00B1B0C8 /* Hotline */,
				5AD49BFD1AC399DD00B1B0C8 /* HotlineTests */,
			);
		};
/* End PBXProject section */

/* Begin PBXResourcesBuildPhase section */
		5AD49BE31AC399DD00B1B0C8 /* Resources */ = {
			isa = PBXResourcesBuildPhase;
			buildActionMask = 2147483647;
			files = (
				25713D541AC605FC00FC5D38 /* LayerParseSplash@2x.png in Resources */,
				25713D4F1AC605FC00FC5D38 /* Main.storyboard in Resources */,
				25713D501AC605FC00FC5D38 /* Images.xcassets in Resources */,
				25713D531AC605FC00FC5D38 /* LayerParseLogin@2x.png in Resources */,
				569172431B2A8A9D000DF4DC /* HOTConversationViewController.xib in Resources */,
				25713D521AC605FC00FC5D38 /* LayerParseAppIcon@2x.png in Resources */,
				25713D551AC605FC00FC5D38 /* parse_logo.png in Resources */,
				25713D561AC605FC00FC5D38 /* Users.json in Resources */,
				25713D4E1AC605FC00FC5D38 /* LaunchScreen.xib in Resources */,
			);
			runOnlyForDeploymentPostprocessing = 0;
		};
		5AD49BFC1AC399DD00B1B0C8 /* Resources */ = {
			isa = PBXResourcesBuildPhase;
			buildActionMask = 2147483647;
			files = (
			);
			runOnlyForDeploymentPostprocessing = 0;
		};
/* End PBXResourcesBuildPhase section */

/* Begin PBXShellScriptBuildPhase section */
		5682D6DF1B3160E20075248E /* ShellScript */ = {
			isa = PBXShellScriptBuildPhase;
			buildActionMask = 2147483647;
			files = (
			);
			inputPaths = (
			);
			outputPaths = (
			);
			runOnlyForDeploymentPostprocessing = 0;
			shellPath = /bin/sh;
			shellScript = "./Fabric.framework/run 80270a52c57d6f1e140c698a298494a13f175076 b69aa7aa2481c88295487f3eec3fe20bbccab7020abeafad84d3782cdaeb9b8e";
		};
		870ECF4D92FFE474D362E91E /* Check Pods Manifest.lock */ = {
			isa = PBXShellScriptBuildPhase;
			buildActionMask = 2147483647;
			files = (
			);
			inputPaths = (
			);
			name = "Check Pods Manifest.lock";
			outputPaths = (
			);
			runOnlyForDeploymentPostprocessing = 0;
			shellPath = /bin/sh;
			shellScript = "diff \"${PODS_ROOT}/../Podfile.lock\" \"${PODS_ROOT}/Manifest.lock\" > /dev/null\nif [[ $? != 0 ]] ; then\n    cat << EOM\nerror: The sandbox is not in sync with the Podfile.lock. Run 'pod install' or update your CocoaPods installation.\nEOM\n    exit 1\nfi\n";
			showEnvVarsInLog = 0;
		};
		924B094F20040F8949E42D26 /* Copy Pods Resources */ = {
			isa = PBXShellScriptBuildPhase;
			buildActionMask = 2147483647;
			files = (
			);
			inputPaths = (
			);
			name = "Copy Pods Resources";
			outputPaths = (
			);
			runOnlyForDeploymentPostprocessing = 0;
			shellPath = /bin/sh;
			shellScript = "\"${SRCROOT}/Pods/Target Support Files/Pods-Hotline/Pods-Hotline-resources.sh\"\n";
			showEnvVarsInLog = 0;
		};
/* End PBXShellScriptBuildPhase section */

/* Begin PBXSourcesBuildPhase section */
		5AD49BE11AC399DD00B1B0C8 /* Sources */ = {
			isa = PBXSourcesBuildPhase;
			buildActionMask = 2147483647;
			files = (
				959081421B3171A600A02E4F /* CALayer+XibConfiguration.m in Sources */,
				25713D6A1AC6071600FC5D38 /* AppDelegate.m in Sources */,
				5691724B1B2AD982000DF4DC /* LYRMessage+HOTAdditions.m in Sources */,
				569172481B2AD498000DF4DC /* HOTConversationManager.m in Sources */,
				25713D6C1AC6071600FC5D38 /* ConversationListViewController.m in Sources */,
				25713D6B1AC6071600FC5D38 /* PFUser+ATLParticipant.m in Sources */,
				25713D6D1AC6071600FC5D38 /* ConversationViewController.m in Sources */,
				5691724E1B2ADAF0000DF4DC /* LYRMessagePart+HOTAdditions.m in Sources */,
				950089DB1B39BB56002EDC66 /* HOTShooterViewController.m in Sources */,
				25713D6E1AC6071600FC5D38 /* ParticipantTableViewController.m in Sources */,
				569172411B2A892E000DF4DC /* HOTConversationViewController.m in Sources */,
				25713D711AC6071600FC5D38 /* UserManager.m in Sources */,
				9503C3BE1B2AA7F20083DC10 /* LYRClient+HOTAdditions.m in Sources */,
				950089D51B37B0EA002EDC66 /* HOTConversationStarterViewController.m in Sources */,
				25713D701AC6071600FC5D38 /* main.m in Sources */,
				25713D6F1AC6071600FC5D38 /* ViewController.m in Sources */,
			);
			runOnlyForDeploymentPostprocessing = 0;
		};
		5AD49BFA1AC399DD00B1B0C8 /* Sources */ = {
			isa = PBXSourcesBuildPhase;
			buildActionMask = 2147483647;
			files = (
				5AD49C051AC399DD00B1B0C8 /* LayerParseSampleAppTests.m in Sources */,
			);
			runOnlyForDeploymentPostprocessing = 0;
		};
/* End PBXSourcesBuildPhase section */

/* Begin PBXTargetDependency section */
		5AD49C001AC399DD00B1B0C8 /* PBXTargetDependency */ = {
			isa = PBXTargetDependency;
			target = 5AD49BE41AC399DD00B1B0C8 /* Hotline */;
			targetProxy = 5AD49BFF1AC399DD00B1B0C8 /* PBXContainerItemProxy */;
		};
/* End PBXTargetDependency section */

/* Begin PBXVariantGroup section */
		25713D3B1AC605FC00FC5D38 /* LaunchScreen.xib */ = {
			isa = PBXVariantGroup;
			children = (
				25713D3C1AC605FC00FC5D38 /* Base */,
			);
			name = LaunchScreen.xib;
			sourceTree = "<group>";
		};
		25713D3D1AC605FC00FC5D38 /* Main.storyboard */ = {
			isa = PBXVariantGroup;
			children = (
				25713D3E1AC605FC00FC5D38 /* Base */,
			);
			name = Main.storyboard;
			sourceTree = "<group>";
		};
/* End PBXVariantGroup section */

/* Begin XCBuildConfiguration section */
		56563EDF1B327F2E00A0E8BA /* Ad Hoc */ = {
			isa = XCBuildConfiguration;
			buildSettings = {
				ALWAYS_SEARCH_USER_PATHS = NO;
				CLANG_CXX_LANGUAGE_STANDARD = "gnu++0x";
				CLANG_CXX_LIBRARY = "libc++";
				CLANG_ENABLE_MODULES = YES;
				CLANG_ENABLE_OBJC_ARC = YES;
				CLANG_WARN_BOOL_CONVERSION = YES;
				CLANG_WARN_CONSTANT_CONVERSION = YES;
				CLANG_WARN_DIRECT_OBJC_ISA_USAGE = YES_ERROR;
				CLANG_WARN_EMPTY_BODY = YES;
				CLANG_WARN_ENUM_CONVERSION = YES;
				CLANG_WARN_INT_CONVERSION = YES;
				CLANG_WARN_OBJC_ROOT_CLASS = YES_ERROR;
				CLANG_WARN_UNREACHABLE_CODE = YES;
				CLANG_WARN__DUPLICATE_METHOD_MATCH = YES;
				"CODE_SIGN_IDENTITY[sdk=iphoneos*]" = "iPhone Developer";
				COPY_PHASE_STRIP = NO;
				ENABLE_NS_ASSERTIONS = NO;
				ENABLE_STRICT_OBJC_MSGSEND = YES;
				GCC_C_LANGUAGE_STANDARD = gnu99;
				GCC_WARN_64_TO_32_BIT_CONVERSION = YES;
				GCC_WARN_ABOUT_RETURN_TYPE = YES_ERROR;
				GCC_WARN_UNDECLARED_SELECTOR = YES;
				GCC_WARN_UNINITIALIZED_AUTOS = YES_AGGRESSIVE;
				GCC_WARN_UNUSED_FUNCTION = YES;
				GCC_WARN_UNUSED_VARIABLE = YES;
				IPHONEOS_DEPLOYMENT_TARGET = 8.2;
				MTL_ENABLE_DEBUG_INFO = NO;
				SDKROOT = iphoneos;
				VALIDATE_PRODUCT = YES;
			};
			name = "Ad Hoc";
		};
		56563EE01B327F2E00A0E8BA /* Ad Hoc */ = {
			isa = XCBuildConfiguration;
			baseConfigurationReference = B793C9659C2DE4610425743F /* Pods-Hotline.ad hoc.xcconfig */;
			buildSettings = {
				ASSETCATALOG_COMPILER_APPICON_NAME = AppIcon;
				ASSETCATALOG_COMPILER_LAUNCHIMAGE_NAME = LaunchImage;
				CODE_SIGN_IDENTITY = "iPhone Developer";
				FRAMEWORK_SEARCH_PATHS = (
					"$(inherited)",
					"$(PROJECT_DIR)",
				);
				INFOPLIST_FILE = "$(SRCROOT)/Resources/Info.plist";
				IPHONEOS_DEPLOYMENT_TARGET = 7.0;
				LD_RUNPATH_SEARCH_PATHS = "$(inherited) @executable_path/Frameworks";
				PRODUCT_NAME = "$(TARGET_NAME)";
				PROVISIONING_PROFILE = "bf7bd4c5-580e-4906-8305-697def83fdec";
			};
			name = "Ad Hoc";
		};
		56563EE11B327F2E00A0E8BA /* Ad Hoc */ = {
			isa = XCBuildConfiguration;
			buildSettings = {
				BUNDLE_LOADER = "$(TEST_HOST)";
				CODE_SIGN_IDENTITY = "iPhone Developer";
				"CODE_SIGN_IDENTITY[sdk=iphoneos*]" = "iPhone Developer";
				FRAMEWORK_SEARCH_PATHS = (
					"$(SDKROOT)/Developer/Library/Frameworks",
					"$(inherited)",
				);
				INFOPLIST_FILE = Tests/Info.plist;
				LD_RUNPATH_SEARCH_PATHS = "$(inherited) @executable_path/Frameworks @loader_path/Frameworks";
				PRODUCT_NAME = "$(TARGET_NAME)";
				PROVISIONING_PROFILE = "";
				TEST_HOST = "$(BUILT_PRODUCTS_DIR)/Layer-Parse-iOS-Example.app/Layer-Parse-iOS-Example";
			};
			name = "Ad Hoc";
		};
		5AD49C061AC399DD00B1B0C8 /* Debug */ = {
			isa = XCBuildConfiguration;
			buildSettings = {
				ALWAYS_SEARCH_USER_PATHS = NO;
				CLANG_CXX_LANGUAGE_STANDARD = "gnu++0x";
				CLANG_CXX_LIBRARY = "libc++";
				CLANG_ENABLE_MODULES = YES;
				CLANG_ENABLE_OBJC_ARC = YES;
				CLANG_WARN_BOOL_CONVERSION = YES;
				CLANG_WARN_CONSTANT_CONVERSION = YES;
				CLANG_WARN_DIRECT_OBJC_ISA_USAGE = YES_ERROR;
				CLANG_WARN_EMPTY_BODY = YES;
				CLANG_WARN_ENUM_CONVERSION = YES;
				CLANG_WARN_INT_CONVERSION = YES;
				CLANG_WARN_OBJC_ROOT_CLASS = YES_ERROR;
				CLANG_WARN_UNREACHABLE_CODE = YES;
				CLANG_WARN__DUPLICATE_METHOD_MATCH = YES;
				"CODE_SIGN_IDENTITY[sdk=iphoneos*]" = "iPhone Developer: Tyler Barth (7RH7SHYWNH)";
				COPY_PHASE_STRIP = NO;
				ENABLE_STRICT_OBJC_MSGSEND = YES;
				GCC_C_LANGUAGE_STANDARD = gnu99;
				GCC_DYNAMIC_NO_PIC = NO;
				GCC_OPTIMIZATION_LEVEL = 0;
				GCC_PREPROCESSOR_DEFINITIONS = (
					"DEBUG=1",
					"$(inherited)",
				);
				GCC_SYMBOLS_PRIVATE_EXTERN = NO;
				GCC_WARN_64_TO_32_BIT_CONVERSION = YES;
				GCC_WARN_ABOUT_RETURN_TYPE = YES_ERROR;
				GCC_WARN_UNDECLARED_SELECTOR = YES;
				GCC_WARN_UNINITIALIZED_AUTOS = YES_AGGRESSIVE;
				GCC_WARN_UNUSED_FUNCTION = YES;
				GCC_WARN_UNUSED_VARIABLE = YES;
				IPHONEOS_DEPLOYMENT_TARGET = 8.2;
				MTL_ENABLE_DEBUG_INFO = YES;
				ONLY_ACTIVE_ARCH = YES;
				SDKROOT = iphoneos;
			};
			name = Debug;
		};
		5AD49C071AC399DD00B1B0C8 /* Release */ = {
			isa = XCBuildConfiguration;
			buildSettings = {
				ALWAYS_SEARCH_USER_PATHS = NO;
				CLANG_CXX_LANGUAGE_STANDARD = "gnu++0x";
				CLANG_CXX_LIBRARY = "libc++";
				CLANG_ENABLE_MODULES = YES;
				CLANG_ENABLE_OBJC_ARC = YES;
				CLANG_WARN_BOOL_CONVERSION = YES;
				CLANG_WARN_CONSTANT_CONVERSION = YES;
				CLANG_WARN_DIRECT_OBJC_ISA_USAGE = YES_ERROR;
				CLANG_WARN_EMPTY_BODY = YES;
				CLANG_WARN_ENUM_CONVERSION = YES;
				CLANG_WARN_INT_CONVERSION = YES;
				CLANG_WARN_OBJC_ROOT_CLASS = YES_ERROR;
				CLANG_WARN_UNREACHABLE_CODE = YES;
				CLANG_WARN__DUPLICATE_METHOD_MATCH = YES;
				"CODE_SIGN_IDENTITY[sdk=iphoneos*]" = "iPhone Developer";
				COPY_PHASE_STRIP = NO;
				ENABLE_NS_ASSERTIONS = NO;
				ENABLE_STRICT_OBJC_MSGSEND = YES;
				GCC_C_LANGUAGE_STANDARD = gnu99;
				GCC_WARN_64_TO_32_BIT_CONVERSION = YES;
				GCC_WARN_ABOUT_RETURN_TYPE = YES_ERROR;
				GCC_WARN_UNDECLARED_SELECTOR = YES;
				GCC_WARN_UNINITIALIZED_AUTOS = YES_AGGRESSIVE;
				GCC_WARN_UNUSED_FUNCTION = YES;
				GCC_WARN_UNUSED_VARIABLE = YES;
				IPHONEOS_DEPLOYMENT_TARGET = 8.2;
				MTL_ENABLE_DEBUG_INFO = NO;
				SDKROOT = iphoneos;
				VALIDATE_PRODUCT = YES;
			};
			name = Release;
		};
		5AD49C091AC399DD00B1B0C8 /* Debug */ = {
			isa = XCBuildConfiguration;
			baseConfigurationReference = 9649DDBCE515125228FDE8C3 /* Pods-Hotline.debug.xcconfig */;
			buildSettings = {
				ASSETCATALOG_COMPILER_APPICON_NAME = AppIcon;
				ASSETCATALOG_COMPILER_LAUNCHIMAGE_NAME = LaunchImage;
				CODE_SIGN_IDENTITY = "iPhone Developer: Jaime Cham (2JGTZPY5QF)";
				FRAMEWORK_SEARCH_PATHS = (
					"$(inherited)",
					"$(PROJECT_DIR)",
				);
				INFOPLIST_FILE = "$(SRCROOT)/Resources/Info.plist";
				IPHONEOS_DEPLOYMENT_TARGET = 7.0;
				LD_RUNPATH_SEARCH_PATHS = "$(inherited) @executable_path/Frameworks";
				PRODUCT_NAME = "$(TARGET_NAME)";
				"PROVISIONING_PROFILE[sdk=*]" = "a987f556-e067-4e4f-88b6-af992375ca3a";
			};
			name = Debug;
		};
		5AD49C0A1AC399DD00B1B0C8 /* Release */ = {
			isa = XCBuildConfiguration;
			baseConfigurationReference = 7C9C7A409749305E466D6414 /* Pods-Hotline.release.xcconfig */;
			buildSettings = {
				ASSETCATALOG_COMPILER_APPICON_NAME = AppIcon;
				ASSETCATALOG_COMPILER_LAUNCHIMAGE_NAME = LaunchImage;
				CODE_SIGN_IDENTITY = "iPhone Developer";
				FRAMEWORK_SEARCH_PATHS = (
					"$(inherited)",
					"$(PROJECT_DIR)",
				);
				INFOPLIST_FILE = "$(SRCROOT)/Resources/Info.plist";
				IPHONEOS_DEPLOYMENT_TARGET = 7.0;
				LD_RUNPATH_SEARCH_PATHS = "$(inherited) @executable_path/Frameworks";
				PRODUCT_NAME = "$(TARGET_NAME)";
				PROVISIONING_PROFILE = "";
			};
			name = Release;
		};
		5AD49C0C1AC399DD00B1B0C8 /* Debug */ = {
			isa = XCBuildConfiguration;
			buildSettings = {
				BUNDLE_LOADER = "$(TEST_HOST)";
				CODE_SIGN_IDENTITY = "iPhone Developer";
				"CODE_SIGN_IDENTITY[sdk=iphoneos*]" = "iPhone Developer";
				FRAMEWORK_SEARCH_PATHS = (
					"$(SDKROOT)/Developer/Library/Frameworks",
					"$(inherited)",
				);
				GCC_PREPROCESSOR_DEFINITIONS = (
					"DEBUG=1",
					"$(inherited)",
				);
				INFOPLIST_FILE = Tests/Info.plist;
				LD_RUNPATH_SEARCH_PATHS = "$(inherited) @executable_path/Frameworks @loader_path/Frameworks";
				PRODUCT_NAME = "$(TARGET_NAME)";
				PROVISIONING_PROFILE = "";
				TEST_HOST = "$(BUILT_PRODUCTS_DIR)/Layer-Parse-iOS-Example.app/Layer-Parse-iOS-Example";
			};
			name = Debug;
		};
		5AD49C0D1AC399DD00B1B0C8 /* Release */ = {
			isa = XCBuildConfiguration;
			buildSettings = {
				BUNDLE_LOADER = "$(TEST_HOST)";
				CODE_SIGN_IDENTITY = "iPhone Developer";
				"CODE_SIGN_IDENTITY[sdk=iphoneos*]" = "iPhone Developer";
				FRAMEWORK_SEARCH_PATHS = (
					"$(SDKROOT)/Developer/Library/Frameworks",
					"$(inherited)",
				);
				INFOPLIST_FILE = Tests/Info.plist;
				LD_RUNPATH_SEARCH_PATHS = "$(inherited) @executable_path/Frameworks @loader_path/Frameworks";
				PRODUCT_NAME = "$(TARGET_NAME)";
				PROVISIONING_PROFILE = "";
				TEST_HOST = "$(BUILT_PRODUCTS_DIR)/Layer-Parse-iOS-Example.app/Layer-Parse-iOS-Example";
			};
			name = Release;
		};
/* End XCBuildConfiguration section */

/* Begin XCConfigurationList section */
		5AD49BE01AC399DD00B1B0C8 /* Build configuration list for PBXProject "Hotline" */ = {
			isa = XCConfigurationList;
			buildConfigurations = (
				5AD49C061AC399DD00B1B0C8 /* Debug */,
				5AD49C071AC399DD00B1B0C8 /* Release */,
				56563EDF1B327F2E00A0E8BA /* Ad Hoc */,
			);
			defaultConfigurationIsVisible = 0;
			defaultConfigurationName = Release;
		};
		5AD49C081AC399DD00B1B0C8 /* Build configuration list for PBXNativeTarget "Hotline" */ = {
			isa = XCConfigurationList;
			buildConfigurations = (
				5AD49C091AC399DD00B1B0C8 /* Debug */,
				5AD49C0A1AC399DD00B1B0C8 /* Release */,
				56563EE01B327F2E00A0E8BA /* Ad Hoc */,
			);
			defaultConfigurationIsVisible = 0;
			defaultConfigurationName = Release;
		};
		5AD49C0B1AC399DD00B1B0C8 /* Build configuration list for PBXNativeTarget "HotlineTests" */ = {
			isa = XCConfigurationList;
			buildConfigurations = (
				5AD49C0C1AC399DD00B1B0C8 /* Debug */,
				5AD49C0D1AC399DD00B1B0C8 /* Release */,
				56563EE11B327F2E00A0E8BA /* Ad Hoc */,
			);
			defaultConfigurationIsVisible = 0;
			defaultConfigurationName = Release;
		};
/* End XCConfigurationList section */
	};
	rootObject = 5AD49BDD1AC399DD00B1B0C8 /* Project object */;
}
